
Microsoft Visual Studio Solution File, Format Version 12.00
# Visual Studio Version 17
VisualStudioVersion = 17.5.33627.172
MinimumVisualStudioVersion = 10.0.40219.1
Project("{FAE04EC0-301F-11D3-BF4B-00C04F79EFBC}") = "Compile Api", "Compile Api\Compile Api.csproj", "{988B6EAF-C2F8-449E-A034-4F77F70A946B}"
EndProject
Global
	GlobalSection(SolutionConfigurationPlatforms) = preSolution
		Debug|Any CPU = Debug|Any CPU
		Release|Any CPU = Release|Any CPU
	EndGlobalSection
	GlobalSection(ProjectConfigurationPlatforms) = postSolution
		{988B6EAF-C2F8-449E-A034-4F77F70A946B}.Debug|Any CPU.ActiveCfg = Debug|Any CPU
		{988B6EAF-C2F8-449E-A034-4F77F70A946B}.Debug|Any CPU.Build.0 = Debug|Any CPU
		{988B6EAF-C2F8-449E-A034-4F77F70A946B}.Release|Any CPU.ActiveCfg = Release|Any CPU
		{988B6EAF-C2F8-449E-A034-4F77F70A946B}.Release|Any CPU.Build.0 = Release|Any CPU
	EndGlobalSection
	GlobalSection(SolutionProperties) = preSolution
		HideSolutionNode = FALSE
	EndGlobalSection
	GlobalSection(ExtensibilityGlobals) = postSolution
		SolutionGuid = {CC471139-7A02-40B2-9E66-4345BF2C38F9}
	EndGlobalSection
EndGlobal
